Microsoft Visual Studio Solution File, Format Version 12.00
# Visual Studio 14
Project("{8BC9CEB8-8B4A-11D0-8D11-00A0C91BC942}") = "ALL_BUILD", "ALL_BUILD.vcxproj", "{3CB1A3CA-C4D8-3491-B711-CB9B279C98DE}"
	ProjectSection(ProjectDependencies) = postProject
		{1229D444-5426-3263-9EF7-344EC91B200F} = {1229D444-5426-3263-9EF7-344EC91B200F}
		{62437715-0C5A-3142-8A36-3E5F27DE9AC7} = {62437715-0C5A-3142-8A36-3E5F27DE9AC7}
	EndProjectSection
EndProject
Project("{8BC9CEB8-8B4A-11D0-8D11-00A0C91BC942}") = "ScopeTimerGuidline", "ScopeTimerGuidline.vcxproj", "{1229D444-5426-3263-9EF7-344EC91B200F}"
	ProjectSection(ProjectDependencies) = postProject
		{62437715-0C5A-3142-8A36-3E5F27DE9AC7} = {62437715-0C5A-3142-8A36-3E5F27DE9AC7}
	EndProjectSection
EndProject
Project("{8BC9CEB8-8B4A-11D0-8D11-00A0C91BC942}") = "ZERO_CHECK", "ZERO_CHECK.vcxproj", "{62437715-0C5A-3142-8A36-3E5F27DE9AC7}"
	ProjectSection(ProjectDependencies) = postProject
	EndProjectSection
EndProject
Global
	GlobalSection(SolutionConfigurationPlatforms) = preSolution
		Debug|Win32 = Debug|Win32
		Release|Win32 = Release|Win32
		MinSizeRel|Win32 = MinSizeRel|Win32
		RelWithDebInfo|Win32 = RelWithDebInfo|Win32
	EndGlobalSection
	GlobalSection(ProjectConfigurationPlatforms) = postSolution
		{3CB1A3CA-C4D8-3491-B711-CB9B279C98DE}.Debug|Win32.ActiveCfg = Debug|Win32
		{3CB1A3CA-C4D8-3491-B711-CB9B279C98DE}.Release|Win32.ActiveCfg = Release|Win32
		{3CB1A3CA-C4D8-3491-B711-CB9B279C98DE}.MinSizeRel|Win32.ActiveCfg = MinSizeRel|Win32
		{3CB1A3CA-C4D8-3491-B711-CB9B279C98DE}.RelWithDebInfo|Win32.ActiveCfg = RelWithDebInfo|Win32
		{1229D444-5426-3263-9EF7-344EC91B200F}.Debug|Win32.ActiveCfg = Debug|Win32
		{1229D444-5426-3263-9EF7-344EC91B200F}.Debug|Win32.Build.0 = Debug|Win32
		{1229D444-5426-3263-9EF7-344EC91B200F}.Release|Win32.ActiveCfg = Release|Win32
		{1229D444-5426-3263-9EF7-344EC91B200F}.Release|Win32.Build.0 = Release|Win32
		{1229D444-5426-3263-9EF7-344EC91B200F}.MinSizeRel|Win32.ActiveCfg = MinSizeRel|Win32
		{1229D444-5426-3263-9EF7-344EC91B200F}.MinSizeRel|Win32.Build.0 = MinSizeRel|Win32
		{1229D444-5426-3263-9EF7-344EC91B200F}.RelWithDebInfo|Win32.ActiveCfg = RelWithDebInfo|Win32
		{1229D444-5426-3263-9EF7-344EC91B200F}.RelWithDebInfo|Win32.Build.0 = RelWithDebInfo|Win32
		{62437715-0C5A-3142-8A36-3E5F27DE9AC7}.Debug|Win32.ActiveCfg = Debug|Win32
		{62437715-0C5A-3142-8A36-3E5F27DE9AC7}.Debug|Win32.Build.0 = Debug|Win32
		{62437715-0C5A-3142-8A36-3E5F27DE9AC7}.Release|Win32.ActiveCfg = Release|Win32
		{62437715-0C5A-3142-8A36-3E5F27DE9AC7}.Release|Win32.Build.0 = Release|Win32
		{62437715-0C5A-3142-8A36-3E5F27DE9AC7}.MinSizeRel|Win32.ActiveCfg = MinSizeRel|Win32
		{62437715-0C5A-3142-8A36-3E5F27DE9AC7}.MinSizeRel|Win32.Build.0 = MinSizeRel|Win32
		{62437715-0C5A-3142-8A36-3E5F27DE9AC7}.RelWithDebInfo|Win32.ActiveCfg = RelWithDebInfo|Win32
		{62437715-0C5A-3142-8A36-3E5F27DE9AC7}.RelWithDebInfo|Win32.Build.0 = RelWithDebInfo|Win32
	EndGlobalSection
	GlobalSection(ExtensibilityGlobals) = postSolution
	EndGlobalSection
	GlobalSection(ExtensibilityAddIns) = postSolution
	EndGlobalSection
EndGlobal
