<?xml version="1.0" encoding="UTF-8"?>
<Project ToolsVersion="14.0" xmlns="http://schemas.microsoft.com/developer/msbuild/2003">
  <ItemGroup>
    <ClCompile Include="F:\Daten\Programmieren\Grundlagen_Cpp\Uebung_2_Time\ScopeTimerGuidline\demo.cpp">
      <Filter>Source Files</Filter>
    </ClCompile>
    <ClCompile Include="F:\Daten\Programmieren\Grundlagen_Cpp\Uebung_2_Time\ScopeTimerGuidline\timer.cpp">
      <Filter>Source Files</Filter>
    </ClCompile>
  </ItemGroup>
  <ItemGroup>
    <ClInclude Include="F:\Daten\Programmieren\Grundlagen_Cpp\Uebung_2_Time\ScopeTimerGuidline\timer.hpp">
      <Filter>Header Files</Filter>
    </ClInclude>
  </ItemGroup>
  <ItemGroup>
    <CustomBuild Include="F:\Daten\Programmieren\Grundlagen_Cpp\Uebung_2_Time\ScopeTimerGuidline\CMakeLists.txt" />
  </ItemGroup>
  <ItemGroup>
    <Filter Include="Source Files">
      <UniqueIdentifier>{F6CD3483-AB2C-323B-82B4-F957D96F6EC5}</UniqueIdentifier>
    </Filter>
    <Filter Include="Header Files">
      <UniqueIdentifier>{7E6DB3D1-220A-36C3-B118-0E3C202EA713}</UniqueIdentifier>
    </Filter>
  </ItemGroup>
</Project>
